
Microsoft Visual Studio Solution File, Format Version 12.00
# Visual Studio Version 16
VisualStudioVersion = 25.0.1700.1
MinimumVisualStudioVersion = 10.0.40219.1
Project("{FAE04EC0-301F-11D3-BF4B-00C04F79EFBC}") = "GuessingGame", "GuessingGame\GuessingGame.csproj", "{56FB7412-4343-42CC-9404-F953BE5323C6}"
EndProject
Global
	GlobalSection(SolutionConfigurationPlatforms) = preSolution
		Debug|Any CPU = Debug|Any CPU
		Release|Any CPU = Release|Any CPU
	EndGlobalSection
	GlobalSection(ProjectConfigurationPlatforms) = postSolution
		{56FB7412-4343-42CC-9404-F953BE5323C6}.Debug|Any CPU.ActiveCfg = Debug|Any CPU
		{56FB7412-4343-42CC-9404-F953BE5323C6}.Debug|Any CPU.Build.0 = Debug|Any CPU
		{56FB7412-4343-42CC-9404-F953BE5323C6}.Release|Any CPU.ActiveCfg = Release|Any CPU
		{56FB7412-4343-42CC-9404-F953BE5323C6}.Release|Any CPU.Build.0 = Release|Any CPU
	EndGlobalSection
	GlobalSection(SolutionProperties) = preSolution
		HideSolutionNode = FALSE
	EndGlobalSection
	GlobalSection(ExtensibilityGlobals) = postSolution
		SolutionGuid = {BC2F87D4-3179-4FE4-AFEF-B9D7D7BD37C3}
	EndGlobalSection
EndGlobal
